
Microsoft Visual Studio Solution File, Format Version 12.00
# Visual Studio Version 17
VisualStudioVersion = 17.13.35825.156 d17.13
MinimumVisualStudioVersion = 10.0.40219.1
Project("{FAE04EC0-301F-11D3-BF4B-00C04F79EFBC}") = "temperatureConverter", "temperatureConverter\temperatureConverter.csproj", "{772B0ACA-954A-48A0-A848-BD0AE2AC0472}"
EndProject
Global
	GlobalSection(SolutionConfigurationPlatforms) = preSolution
		Debug|Any CPU = Debug|Any CPU
		Release|Any CPU = Release|Any CPU
	EndGlobalSection
	GlobalSection(ProjectConfigurationPlatforms) = postSolution
		{772B0ACA-954A-48A0-A848-BD0AE2AC0472}.Debug|Any CPU.ActiveCfg = Debug|Any CPU
		{772B0ACA-954A-48A0-A848-BD0AE2AC0472}.Debug|Any CPU.Build.0 = Debug|Any CPU
		{772B0ACA-954A-48A0-A848-BD0AE2AC0472}.Release|Any CPU.ActiveCfg = Release|Any CPU
		{772B0ACA-954A-48A0-A848-BD0AE2AC0472}.Release|Any CPU.Build.0 = Release|Any CPU
	EndGlobalSection
	GlobalSection(SolutionProperties) = preSolution
		HideSolutionNode = FALSE
	EndGlobalSection
	GlobalSection(ExtensibilityGlobals) = postSolution
		SolutionGuid = {68D2F9D6-C599-4083-9690-46CFE8347C1F}
	EndGlobalSection
EndGlobal
